
Microsoft Visual Studio Solution File, Format Version 12.00
# Visual Studio Version 17
VisualStudioVersion = 17.14.36717.8 d17.14
MinimumVisualStudioVersion = 10.0.40219.1
Project("{FAE04EC0-301F-11D3-BF4B-00C04F79EFBC}") = "Izkalauz WPF", "..\..\..\..\..\..\WPF\Izkalauz WPF\Izkalauz WPF\Izkalauz WPF.csproj", "{7ED02A4A-B56D-F3FD-1391-E476E5E566A6}"
EndProject
Project("{FAE04EC0-301F-11D3-BF4B-00C04F79EFBC}") = "IzKalauzWPF.Tests", "..\IzKalauzWPF.Tests\IzKalauzWPF.Tests.csproj", "{D250C3C4-804C-4E40-A7C4-E22857045086}"
EndProject
Global
	GlobalSection(SolutionConfigurationPlatforms) = preSolution
		Debug|Any CPU = Debug|Any CPU
		Release|Any CPU = Release|Any CPU
	EndGlobalSection
	GlobalSection(ProjectConfigurationPlatforms) = postSolution
		{7ED02A4A-B56D-F3FD-1391-E476E5E566A6}.Debug|Any CPU.ActiveCfg = Debug|Any CPU
		{7ED02A4A-B56D-F3FD-1391-E476E5E566A6}.Debug|Any CPU.Build.0 = Debug|Any CPU
		{7ED02A4A-B56D-F3FD-1391-E476E5E566A6}.Release|Any CPU.ActiveCfg = Release|Any CPU
		{7ED02A4A-B56D-F3FD-1391-E476E5E566A6}.Release|Any CPU.Build.0 = Release|Any CPU
		{D250C3C4-804C-4E40-A7C4-E22857045086}.Debug|Any CPU.ActiveCfg = Debug|Any CPU
		{D250C3C4-804C-4E40-A7C4-E22857045086}.Debug|Any CPU.Build.0 = Debug|Any CPU
		{D250C3C4-804C-4E40-A7C4-E22857045086}.Release|Any CPU.ActiveCfg = Release|Any CPU
		{D250C3C4-804C-4E40-A7C4-E22857045086}.Release|Any CPU.Build.0 = Release|Any CPU
	EndGlobalSection
	GlobalSection(SolutionProperties) = preSolution
		HideSolutionNode = FALSE
	EndGlobalSection
	GlobalSection(ExtensibilityGlobals) = postSolution
		SolutionGuid = {CB59418A-6D4B-4564-A329-B83875FA104F}
	EndGlobalSection
EndGlobal
